
Microsoft Visual Studio Solution File, Format Version 12.00
# Visual Studio Version 17
VisualStudioVersion = 17.4.33213.308
MinimumVisualStudioVersion = 10.0.40219.1
Project("{9A19103F-16F7-4668-BE54-9A1E7A4F7556}") = "FormFlow", "FormFlow.csproj", "{B3BACF80-39EF-481B-A8D4-FAA309D05A33}"
EndProject
Project("{9A19103F-16F7-4668-BE54-9A1E7A4F7556}") = "FormFlow.Tests", "..\FormFlow.Tests\FormFlow.Tests.csproj", "{944EF57A-EBA3-4C75-8226-2FB9EF6D39C1}"
EndProject
Global
	GlobalSection(SolutionConfigurationPlatforms) = preSolution
		Debug|Any CPU = Debug|Any CPU
		Release|Any CPU = Release|Any CPU
	EndGlobalSection
	GlobalSection(ProjectConfigurationPlatforms) = postSolution
		{B3BACF80-39EF-481B-A8D4-FAA309D05A33}.Debug|Any CPU.ActiveCfg = Debug|Any CPU
		{B3BACF80-39EF-481B-A8D4-FAA309D05A33}.Debug|Any CPU.Build.0 = Debug|Any CPU
		{B3BACF80-39EF-481B-A8D4-FAA309D05A33}.Release|Any CPU.ActiveCfg = Release|Any CPU
		{B3BACF80-39EF-481B-A8D4-FAA309D05A33}.Release|Any CPU.Build.0 = Release|Any CPU
		{944EF57A-EBA3-4C75-8226-2FB9EF6D39C1}.Debug|Any CPU.ActiveCfg = Debug|Any CPU
		{944EF57A-EBA3-4C75-8226-2FB9EF6D39C1}.Debug|Any CPU.Build.0 = Debug|Any CPU
		{944EF57A-EBA3-4C75-8226-2FB9EF6D39C1}.Release|Any CPU.ActiveCfg = Release|Any CPU
		{944EF57A-EBA3-4C75-8226-2FB9EF6D39C1}.Release|Any CPU.Build.0 = Release|Any CPU
	EndGlobalSection
	GlobalSection(SolutionProperties) = preSolution
		HideSolutionNode = FALSE
	EndGlobalSection
	GlobalSection(ExtensibilityGlobals) = postSolution
		SolutionGuid = {06A76A10-CFE1-4F58-BAC5-2D706BBCA3CC}
	EndGlobalSection
EndGlobal
