
Microsoft Visual Studio Solution File, Format Version 12.00
# Visual Studio Version 17
VisualStudioVersion = 17.4.33213.308
MinimumVisualStudioVersion = 10.0.40219.1
Project("{FAE04EC0-301F-11D3-BF4B-00C04F79EFBC}") = "FormFlow", "FormFlow.csproj", "{B3BACF80-39EF-481B-A8D4-FAA309D05A33}"
EndProject
Global
	GlobalSection(SolutionConfigurationPlatforms) = preSolution
		Debug|Any CPU = Debug|Any CPU
		Release|Any CPU = Release|Any CPU
	EndGlobalSection
	GlobalSection(ProjectConfigurationPlatforms) = postSolution
		{B3BACF80-39EF-481B-A8D4-FAA309D05A33}.Debug|Any CPU.ActiveCfg = Debug|Any CPU
		{B3BACF80-39EF-481B-A8D4-FAA309D05A33}.Debug|Any CPU.Build.0 = Debug|Any CPU
		{B3BACF80-39EF-481B-A8D4-FAA309D05A33}.Release|Any CPU.ActiveCfg = Release|Any CPU
		{B3BACF80-39EF-481B-A8D4-FAA309D05A33}.Release|Any CPU.Build.0 = Release|Any CPU
	EndGlobalSection
	GlobalSection(SolutionProperties) = preSolution
		HideSolutionNode = FALSE
	EndGlobalSection
	GlobalSection(ExtensibilityGlobals) = postSolution
		SolutionGuid = {06A76A10-CFE1-4F58-BAC5-2D706BBCA3CC}
	EndGlobalSection
EndGlobal
